
Microsoft Visual Studio Solution File, Format Version 12.00
Project("{2150E333-8FDC-42A3-9474-1A3956D46DE8}") = "src", "src", "{EA21A0C7-5985-4FE6-AC75-F4952AC596B8}"
EndProject
Project("{2150E333-8FDC-42A3-9474-1A3956D46DE8}") = "test", "test", "{9065E7C5-51C4-4383-BDE1-A75051F4223C}"
EndProject
Project("{2150E333-8FDC-42A3-9474-1A3956D46DE8}") = "00.Framework", "src\00.Framework", "{387C5A7B-2597-425E-AEAE-B33D6088407E}"
EndProject
Project("{2150E333-8FDC-42A3-9474-1A3956D46DE8}") = "01.Core", "src\01.Core", "{34E4CB58-0F02-4975-94D8-9CBDF70D5B0A}"
EndProject
Project("{2150E333-8FDC-42A3-9474-1A3956D46DE8}") = "02.Infrastructure", "src\02.Infrastructure", "{1EABE956-160D-4D52-8F5F-C133C1C825C8}"
EndProject
Project("{2150E333-8FDC-42A3-9474-1A3956D46DE8}") = "03.Presentation", "src\03.Presentation", "{0F65FF8A-3477-42FC-8DE8-9D7F90C725EE}"
EndProject
Project("{FAE04EC0-301F-11D3-BF4B-00C04F79EFBC}") = "SmartMed.Domain", "src\01.Core\SmartMed.Domain\SmartMed.Domain.csproj", "{9EE9A13B-7A4B-43AE-9A6D-1405D8D4AC1D}"
EndProject
Project("{FAE04EC0-301F-11D3-BF4B-00C04F79EFBC}") = "SmartMed.Persistence.EF", "src\02.Infrastructure\SmartMed.Persistence.EF\SmartMed.Persistence.EF.csproj", "{2D3386EC-C9FD-401C-BF49-D56B200D5AD5}"
EndProject
Project("{FAE04EC0-301F-11D3-BF4B-00C04F79EFBC}") = "SmartMed.Contracts", "src\00.Framework\SmartMed.Contracts\SmartMed.Contracts.csproj", "{E44021AA-73AC-42A8-98E7-E71C0AB52BC9}"
EndProject
Project("{FAE04EC0-301F-11D3-BF4B-00C04F79EFBC}") = "SmartMed.Migrations", "src\02.Infrastructure\SmartMed.Migrations\SmartMed.Migrations.csproj", "{00944996-D31A-41C7-97F8-2296B9CF2377}"
EndProject
Project("{FAE04EC0-301F-11D3-BF4B-00C04F79EFBC}") = "SmartMed.Applications.Unit.Tests", "test\SmartMed.Applications.Unit.Tests\SmartMed.Applications.Unit.Tests.csproj", "{E0E08D88-94C2-413D-97D3-1684913CDB93}"
EndProject
Project("{FAE04EC0-301F-11D3-BF4B-00C04F79EFBC}") = "SmartMed.RestApi", "src\03.Presentation\SmartMed.RestApi\SmartMed.RestApi.csproj", "{EC275FA2-3054-4F28-B8A8-5CA6AA31FF64}"
EndProject
Project("{FAE04EC0-301F-11D3-BF4B-00C04F79EFBC}") = "SmartMed.Test.Tools", "test\SmartMed.Test.Tools\SmartMed.Test.Tools.csproj", "{D184E00A-EA0B-4D50-84D0-66294D963410}"
EndProject
Project("{FAE04EC0-301F-11D3-BF4B-00C04F79EFBC}") = "SmartMed.Application", "src\01.Core\SmartMed.Application\SmartMed.Application.csproj", "{F9E3EB30-96F2-4DB1-9861-0AB123BC6CFE}"
EndProject
Project("{FAE04EC0-301F-11D3-BF4B-00C04F79EFBC}") = "SmartMed.Infrastructure", "src\SmartMed.Infrastructure\SmartMed.Infrastructure.csproj", "{F5838222-D142-464B-BA2E-4921874AC5C8}"
EndProject
Global
	GlobalSection(SolutionConfigurationPlatforms) = preSolution
		Debug|Any CPU = Debug|Any CPU
		Release|Any CPU = Release|Any CPU
	EndGlobalSection
	GlobalSection(NestedProjects) = preSolution
		{387C5A7B-2597-425E-AEAE-B33D6088407E} = {EA21A0C7-5985-4FE6-AC75-F4952AC596B8}
		{34E4CB58-0F02-4975-94D8-9CBDF70D5B0A} = {EA21A0C7-5985-4FE6-AC75-F4952AC596B8}
		{1EABE956-160D-4D52-8F5F-C133C1C825C8} = {EA21A0C7-5985-4FE6-AC75-F4952AC596B8}
		{0F65FF8A-3477-42FC-8DE8-9D7F90C725EE} = {EA21A0C7-5985-4FE6-AC75-F4952AC596B8}
		{9EE9A13B-7A4B-43AE-9A6D-1405D8D4AC1D} = {34E4CB58-0F02-4975-94D8-9CBDF70D5B0A}
		{2D3386EC-C9FD-401C-BF49-D56B200D5AD5} = {1EABE956-160D-4D52-8F5F-C133C1C825C8}
		{E44021AA-73AC-42A8-98E7-E71C0AB52BC9} = {387C5A7B-2597-425E-AEAE-B33D6088407E}
		{00944996-D31A-41C7-97F8-2296B9CF2377} = {1EABE956-160D-4D52-8F5F-C133C1C825C8}
		{E0E08D88-94C2-413D-97D3-1684913CDB93} = {9065E7C5-51C4-4383-BDE1-A75051F4223C}
		{EC275FA2-3054-4F28-B8A8-5CA6AA31FF64} = {0F65FF8A-3477-42FC-8DE8-9D7F90C725EE}
		{D184E00A-EA0B-4D50-84D0-66294D963410} = {9065E7C5-51C4-4383-BDE1-A75051F4223C}
		{F9E3EB30-96F2-4DB1-9861-0AB123BC6CFE} = {34E4CB58-0F02-4975-94D8-9CBDF70D5B0A}
		{F5838222-D142-464B-BA2E-4921874AC5C8} = {1EABE956-160D-4D52-8F5F-C133C1C825C8}
	EndGlobalSection
	GlobalSection(ProjectConfigurationPlatforms) = postSolution
		{9EE9A13B-7A4B-43AE-9A6D-1405D8D4AC1D}.Debug|Any CPU.ActiveCfg = Debug|Any CPU
		{9EE9A13B-7A4B-43AE-9A6D-1405D8D4AC1D}.Debug|Any CPU.Build.0 = Debug|Any CPU
		{9EE9A13B-7A4B-43AE-9A6D-1405D8D4AC1D}.Release|Any CPU.ActiveCfg = Release|Any CPU
		{9EE9A13B-7A4B-43AE-9A6D-1405D8D4AC1D}.Release|Any CPU.Build.0 = Release|Any CPU
		{2D3386EC-C9FD-401C-BF49-D56B200D5AD5}.Debug|Any CPU.ActiveCfg = Debug|Any CPU
		{2D3386EC-C9FD-401C-BF49-D56B200D5AD5}.Debug|Any CPU.Build.0 = Debug|Any CPU
		{2D3386EC-C9FD-401C-BF49-D56B200D5AD5}.Release|Any CPU.ActiveCfg = Release|Any CPU
		{2D3386EC-C9FD-401C-BF49-D56B200D5AD5}.Release|Any CPU.Build.0 = Release|Any CPU
		{E44021AA-73AC-42A8-98E7-E71C0AB52BC9}.Debug|Any CPU.ActiveCfg = Debug|Any CPU
		{E44021AA-73AC-42A8-98E7-E71C0AB52BC9}.Debug|Any CPU.Build.0 = Debug|Any CPU
		{E44021AA-73AC-42A8-98E7-E71C0AB52BC9}.Release|Any CPU.ActiveCfg = Release|Any CPU
		{E44021AA-73AC-42A8-98E7-E71C0AB52BC9}.Release|Any CPU.Build.0 = Release|Any CPU
		{00944996-D31A-41C7-97F8-2296B9CF2377}.Debug|Any CPU.ActiveCfg = Debug|Any CPU
		{00944996-D31A-41C7-97F8-2296B9CF2377}.Debug|Any CPU.Build.0 = Debug|Any CPU
		{00944996-D31A-41C7-97F8-2296B9CF2377}.Release|Any CPU.ActiveCfg = Release|Any CPU
		{00944996-D31A-41C7-97F8-2296B9CF2377}.Release|Any CPU.Build.0 = Release|Any CPU
		{E0E08D88-94C2-413D-97D3-1684913CDB93}.Debug|Any CPU.ActiveCfg = Debug|Any CPU
		{E0E08D88-94C2-413D-97D3-1684913CDB93}.Debug|Any CPU.Build.0 = Debug|Any CPU
		{E0E08D88-94C2-413D-97D3-1684913CDB93}.Release|Any CPU.ActiveCfg = Release|Any CPU
		{E0E08D88-94C2-413D-97D3-1684913CDB93}.Release|Any CPU.Build.0 = Release|Any CPU
		{EC275FA2-3054-4F28-B8A8-5CA6AA31FF64}.Debug|Any CPU.ActiveCfg = Debug|Any CPU
		{EC275FA2-3054-4F28-B8A8-5CA6AA31FF64}.Debug|Any CPU.Build.0 = Debug|Any CPU
		{EC275FA2-3054-4F28-B8A8-5CA6AA31FF64}.Release|Any CPU.ActiveCfg = Release|Any CPU
		{EC275FA2-3054-4F28-B8A8-5CA6AA31FF64}.Release|Any CPU.Build.0 = Release|Any CPU
		{D184E00A-EA0B-4D50-84D0-66294D963410}.Debug|Any CPU.ActiveCfg = Debug|Any CPU
		{D184E00A-EA0B-4D50-84D0-66294D963410}.Debug|Any CPU.Build.0 = Debug|Any CPU
		{D184E00A-EA0B-4D50-84D0-66294D963410}.Release|Any CPU.ActiveCfg = Release|Any CPU
		{D184E00A-EA0B-4D50-84D0-66294D963410}.Release|Any CPU.Build.0 = Release|Any CPU
		{F9E3EB30-96F2-4DB1-9861-0AB123BC6CFE}.Debug|Any CPU.ActiveCfg = Debug|Any CPU
		{F9E3EB30-96F2-4DB1-9861-0AB123BC6CFE}.Debug|Any CPU.Build.0 = Debug|Any CPU
		{F9E3EB30-96F2-4DB1-9861-0AB123BC6CFE}.Release|Any CPU.ActiveCfg = Release|Any CPU
		{F9E3EB30-96F2-4DB1-9861-0AB123BC6CFE}.Release|Any CPU.Build.0 = Release|Any CPU
		{F5838222-D142-464B-BA2E-4921874AC5C8}.Debug|Any CPU.ActiveCfg = Debug|Any CPU
		{F5838222-D142-464B-BA2E-4921874AC5C8}.Debug|Any CPU.Build.0 = Debug|Any CPU
		{F5838222-D142-464B-BA2E-4921874AC5C8}.Release|Any CPU.ActiveCfg = Release|Any CPU
		{F5838222-D142-464B-BA2E-4921874AC5C8}.Release|Any CPU.Build.0 = Release|Any CPU
	EndGlobalSection
EndGlobal
